
Microsoft Visual Studio Solution File, Format Version 12.00
# Visual Studio Version 16
VisualStudioVersion = 16.0.31424.327
MinimumVisualStudioVersion = 10.0.40219.1
Project("{FAE04EC0-301F-11D3-BF4B-00C04F79EFBC}") = "Growth Projection", "Growth Projection\Growth Projection.csproj", "{A9235F52-F79A-405D-B39A-53EE4169D5EE}"
EndProject
Global
	GlobalSection(SolutionConfigurationPlatforms) = preSolution
		Debug|Any CPU = Debug|Any CPU
		Release|Any CPU = Release|Any CPU
	EndGlobalSection
	GlobalSection(ProjectConfigurationPlatforms) = postSolution
		{A9235F52-F79A-405D-B39A-53EE4169D5EE}.Debug|Any CPU.ActiveCfg = Debug|Any CPU
		{A9235F52-F79A-405D-B39A-53EE4169D5EE}.Debug|Any CPU.Build.0 = Debug|Any CPU
		{A9235F52-F79A-405D-B39A-53EE4169D5EE}.Release|Any CPU.ActiveCfg = Release|Any CPU
		{A9235F52-F79A-405D-B39A-53EE4169D5EE}.Release|Any CPU.Build.0 = Release|Any CPU
	EndGlobalSection
	GlobalSection(SolutionProperties) = preSolution
		HideSolutionNode = FALSE
	EndGlobalSection
	GlobalSection(ExtensibilityGlobals) = postSolution
		SolutionGuid = {E4B42DF5-AAC5-41E3-9ECF-A8C13FEC7248}
	EndGlobalSection
EndGlobal
